{
  "name": "tabootleg",
  "version": "1.0.0",
  "lockfileVersion": 1,
  "requires": true,
  "dependencies": {
    "shuffle-array": {
      "version": "1.0.1",
      "resolved": "https://registry.npmjs.org/shuffle-array/-/shuffle-array-1.0.1.tgz",
      "integrity": "sha1-xP88/nTRb5NzBZIwGyXmV3sSiYs="
    },
    "ws": {
      "version": "7.4.6",
      "resolved": "https://registry.npmjs.org/ws/-/ws-7.4.6.tgz",
      "integrity": "sha512-YmhHDO4MzaDLB+M9ym/mDA5z0naX8j7SIlT8f8z+I0VtzsRbekxEutHSme7NPS2qE8StCYQNUnfWdXta/Yu85A=="
    }
  }
}
